
Microsoft Visual Studio Solution File, Format Version 12.00
# Visual Studio 2012
Project("{8BC9CEB8-8B4A-11D0-8D11-00A0C91BC942}") = "liboperator", "liboperator\liboperator.vcxproj", "{65AC99FD-2865-4781-BF66-09C3B7990322}"
EndProject
Global
	GlobalSection(SolutionConfigurationPlatforms) = preSolution
		Debug|Win32 = Debug|Win32
		Release|Win32 = Release|Win32
	EndGlobalSection
	GlobalSection(ProjectConfigurationPlatforms) = postSolution
		{65AC99FD-2865-4781-BF66-09C3B7990322}.Debug|Win32.ActiveCfg = Debug|Win32
		{65AC99FD-2865-4781-BF66-09C3B7990322}.Debug|Win32.Build.0 = Debug|Win32
		{65AC99FD-2865-4781-BF66-09C3B7990322}.Release|Win32.ActiveCfg = Release|Win32
		{65AC99FD-2865-4781-BF66-09C3B7990322}.Release|Win32.Build.0 = Release|Win32
	EndGlobalSection
	GlobalSection(SolutionProperties) = preSolution
		HideSolutionNode = FALSE
	EndGlobalSection
EndGlobal
